
Microsoft Visual Studio Solution File, Format Version 12.00
# Visual Studio 15
VisualStudioVersion = 15.0.27004.2002
MinimumVisualStudioVersion = 10.0.40219.1
Project("{FAE04EC0-301F-11D3-BF4B-00C04F79EFBC}") = "Calculator", "Calculator\Calculator.csproj", "{6A850852-AFBC-4C4C-9496-9F6C0852CB2B}"
EndProject
Project("{FAE04EC0-301F-11D3-BF4B-00C04F79EFBC}") = "Calculator.Tests", "Calculator.Tests\Calculator.Tests.csproj", "{00DB2709-7608-4C96-83B8-61B59F31C3A3}"
EndProject
Project("{FAE04EC0-301F-11D3-BF4B-00C04F79EFBC}") = "WebApplication1", "WebApplication1\WebApplication1.csproj", "{D355F286-16DA-4783-B0EF-53A8AABB26B9}"
EndProject
Global
	GlobalSection(SolutionConfigurationPlatforms) = preSolution
		Debug|Any CPU = Debug|Any CPU
		Release|Any CPU = Release|Any CPU
	EndGlobalSection
	GlobalSection(ProjectConfigurationPlatforms) = postSolution
		{6A850852-AFBC-4C4C-9496-9F6C0852CB2B}.Debug|Any CPU.ActiveCfg = Debug|Any CPU
		{6A850852-AFBC-4C4C-9496-9F6C0852CB2B}.Debug|Any CPU.Build.0 = Debug|Any CPU
		{6A850852-AFBC-4C4C-9496-9F6C0852CB2B}.Release|Any CPU.ActiveCfg = Release|Any CPU
		{6A850852-AFBC-4C4C-9496-9F6C0852CB2B}.Release|Any CPU.Build.0 = Release|Any CPU
		{00DB2709-7608-4C96-83B8-61B59F31C3A3}.Debug|Any CPU.ActiveCfg = Debug|Any CPU
		{00DB2709-7608-4C96-83B8-61B59F31C3A3}.Debug|Any CPU.Build.0 = Debug|Any CPU
		{00DB2709-7608-4C96-83B8-61B59F31C3A3}.Release|Any CPU.ActiveCfg = Release|Any CPU
		{00DB2709-7608-4C96-83B8-61B59F31C3A3}.Release|Any CPU.Build.0 = Release|Any CPU
		{D355F286-16DA-4783-B0EF-53A8AABB26B9}.Debug|Any CPU.ActiveCfg = Debug|Any CPU
		{D355F286-16DA-4783-B0EF-53A8AABB26B9}.Debug|Any CPU.Build.0 = Debug|Any CPU
		{D355F286-16DA-4783-B0EF-53A8AABB26B9}.Release|Any CPU.ActiveCfg = Release|Any CPU
		{D355F286-16DA-4783-B0EF-53A8AABB26B9}.Release|Any CPU.Build.0 = Release|Any CPU
	EndGlobalSection
	GlobalSection(SolutionProperties) = preSolution
		HideSolutionNode = FALSE
	EndGlobalSection
	GlobalSection(ExtensibilityGlobals) = postSolution
		SolutionGuid = {9AD0B953-1140-4215-A0BD-6F59E522E1AD}
	EndGlobalSection
EndGlobal
